
Microsoft Visual Studio Solution File, Format Version 12.00
# Visual Studio Version 16
VisualStudioVersion = 16.0.29409.12
MinimumVisualStudioVersion = 10.0.40219.1
Project("{FAE04EC0-301F-11D3-BF4B-00C04F79EFBC}") = "GNSS-data-downloader", "GNSS-data-downloader.csproj", "{C1C5DF0C-9AE9-43D7-8348-C9197625B430}"
EndProject
Global
	GlobalSection(SolutionConfigurationPlatforms) = preSolution
		Debug|Any CPU = Debug|Any CPU
		Release|Any CPU = Release|Any CPU
	EndGlobalSection
	GlobalSection(ProjectConfigurationPlatforms) = postSolution
		{C1C5DF0C-9AE9-43D7-8348-C9197625B430}.Debug|Any CPU.ActiveCfg = Debug|Any CPU
		{C1C5DF0C-9AE9-43D7-8348-C9197625B430}.Debug|Any CPU.Build.0 = Debug|Any CPU
		{C1C5DF0C-9AE9-43D7-8348-C9197625B430}.Release|Any CPU.ActiveCfg = Release|Any CPU
		{C1C5DF0C-9AE9-43D7-8348-C9197625B430}.Release|Any CPU.Build.0 = Release|Any CPU
	EndGlobalSection
	GlobalSection(SolutionProperties) = preSolution
		HideSolutionNode = FALSE
	EndGlobalSection
	GlobalSection(ExtensibilityGlobals) = postSolution
		SolutionGuid = {6BE02E48-AA03-4E64-9B77-1BF325945C1F}
	EndGlobalSection
EndGlobal
